
Microsoft Visual Studio Solution File, Format Version 12.00
# Visual Studio Version 17
VisualStudioVersion = 17.5.002.0
MinimumVisualStudioVersion = 10.0.40219.1
Project("{9A19103F-16F7-4668-BE54-9A1E7A4F7556}") = "Semana19", "Semana19.csproj", "{2A831C8E-D9B1-466D-B466-3A6679EBDDB4}"
EndProject
Global
	GlobalSection(SolutionConfigurationPlatforms) = preSolution
		Debug|Any CPU = Debug|Any CPU
		Release|Any CPU = Release|Any CPU
	EndGlobalSection
	GlobalSection(ProjectConfigurationPlatforms) = postSolution
		{2A831C8E-D9B1-466D-B466-3A6679EBDDB4}.Debug|Any CPU.ActiveCfg = Debug|Any CPU
		{2A831C8E-D9B1-466D-B466-3A6679EBDDB4}.Debug|Any CPU.Build.0 = Debug|Any CPU
		{2A831C8E-D9B1-466D-B466-3A6679EBDDB4}.Release|Any CPU.ActiveCfg = Release|Any CPU
		{2A831C8E-D9B1-466D-B466-3A6679EBDDB4}.Release|Any CPU.Build.0 = Release|Any CPU
	EndGlobalSection
	GlobalSection(SolutionProperties) = preSolution
		HideSolutionNode = FALSE
	EndGlobalSection
	GlobalSection(ExtensibilityGlobals) = postSolution
		SolutionGuid = {B0346443-EAF9-4106-A229-DFD8A27C50DC}
	EndGlobalSection
EndGlobal
